
Microsoft Visual Studio Solution File, Format Version 12.00
# Visual Studio Version 17
VisualStudioVersion = 17.5.33424.131
MinimumVisualStudioVersion = 10.0.40219.1
Project("{FAE04EC0-301F-11D3-BF4B-00C04F79EFBC}") = "Primer Parcial Programacion", "Primer Parcial Programacion.csproj", "{65557AAF-A393-47B8-AA0E-704B04D735D1}"
EndProject
Global
	GlobalSection(SolutionConfigurationPlatforms) = preSolution
		Debug|Any CPU = Debug|Any CPU
		Release|Any CPU = Release|Any CPU
	EndGlobalSection
	GlobalSection(ProjectConfigurationPlatforms) = postSolution
		{65557AAF-A393-47B8-AA0E-704B04D735D1}.Debug|Any CPU.ActiveCfg = Debug|Any CPU
		{65557AAF-A393-47B8-AA0E-704B04D735D1}.Debug|Any CPU.Build.0 = Debug|Any CPU
		{65557AAF-A393-47B8-AA0E-704B04D735D1}.Release|Any CPU.ActiveCfg = Release|Any CPU
		{65557AAF-A393-47B8-AA0E-704B04D735D1}.Release|Any CPU.Build.0 = Release|Any CPU
	EndGlobalSection
	GlobalSection(SolutionProperties) = preSolution
		HideSolutionNode = FALSE
	EndGlobalSection
	GlobalSection(ExtensibilityGlobals) = postSolution
		SolutionGuid = {7AFE1C8E-F995-47B2-BFC5-25284B3F5A67}
	EndGlobalSection
EndGlobal
